
Microsoft Visual Studio Solution File, Format Version 12.00
# Visual Studio Version 17
VisualStudioVersion = 17.14.37411.7 d17.14
MinimumVisualStudioVersion = 10.0.40219.1
Project("{FAE04EC0-301F-11D3-BF4B-00C04F79EFBC}") = "booking-service", "booking-service.csproj", "{F32D8C98-32C0-459D-9EED-4824DDD7157D}"
EndProject
Global
	GlobalSection(SolutionConfigurationPlatforms) = preSolution
		Debug|Any CPU = Debug|Any CPU
		Release|Any CPU = Release|Any CPU
	EndGlobalSection
	GlobalSection(ProjectConfigurationPlatforms) = postSolution
		{F32D8C98-32C0-459D-9EED-4824DDD7157D}.Debug|Any CPU.ActiveCfg = Debug|Any CPU
		{F32D8C98-32C0-459D-9EED-4824DDD7157D}.Debug|Any CPU.Build.0 = Debug|Any CPU
		{F32D8C98-32C0-459D-9EED-4824DDD7157D}.Release|Any CPU.ActiveCfg = Release|Any CPU
		{F32D8C98-32C0-459D-9EED-4824DDD7157D}.Release|Any CPU.Build.0 = Release|Any CPU
	EndGlobalSection
	GlobalSection(SolutionProperties) = preSolution
		HideSolutionNode = FALSE
	EndGlobalSection
	GlobalSection(ExtensibilityGlobals) = postSolution
		SolutionGuid = {5724C680-A699-4785-B6E9-23F429EFA214}
	EndGlobalSection
EndGlobal
